# This file is automatically @generated by Cargo.
# It is not intended for manual editing.
version = 3

[[package]]
name = "arrayvec"
version = "0.5.2"
source = "registry+https://github.com/rust-lang/crates.io-index"
checksum = "23b62fc65de8e4e7f52534fb52b0f3ed04746ae267519eef2a83941e8085068b"

[[package]]
name = "buffer"
version = "0.1.9"
source = "registry+https://github.com/rust-lang/crates.io-index"
checksum = "aab7228d32b5d95be40adeba1d9461c8547b5dadf5f9cbfba09b6d578991df28"
dependencies = [
 "arrayvec",
 "mac",
]

[[package]]
name = "byteorder"
version = "1.5.0"
source = "registry+https://github.com/rust-lang/crates.io-index"
checksum = "1fd0f2584146f6f2ef48085050886acf353beff7305ebd1ae69500e27c67f64b"

[[package]]
name = "cc"
version = "1.0.73"
source = "registry+https://github.com/rust-lang/crates.io-index"
checksum = "2fff2a6927b3bb87f9595d67196a70493f627687a71d87a0d692242c33f58c11"

[[package]]
name = "cxx"
version = "1.0.75"
source = "registry+https://github.com/rust-lang/crates.io-index"
checksum = "8b7df2292959b7e22a5cb39d37b7e72b2c748b12f956cc409b529fddcdc8857b"
dependencies = [
 "cc",
 "cxxbridge-flags",
 "cxxbridge-macro",
 "link-cplusplus",
]

[[package]]
name = "cxxbridge-flags"
version = "1.0.75"
source = "registry+https://github.com/rust-lang/crates.io-index"
checksum = "d2069b1573efd6e5901004e8fdca2e28bc6f47f86dc24da81182851e71cf3208"

[[package]]
name = "cxxbridge-macro"
version = "1.0.75"
source = "registry+https://github.com/rust-lang/crates.io-index"
checksum = "d980827d1ec28ea6e0db545fceaa611eb8e43f70eff8c1c33cc2c96ffa0f0476"
dependencies = [
 "proc-macro2",
 "quote",
 "syn 1.0.98",
]

[[package]]
name = "ddnet-backcompat-hacks"
version = "0.0.1"
dependencies = [
 "arrayvec",
 "cxx",
 "ddnet-backcompat-proxy",
 "ddnet-base",
 "ddnet-engine-shared",
 "ddnet-test",
 "libtw2-gamenet-ddnet",
 "libtw2-packer",
 "warn",
]

[[package]]
name = "ddnet-backcompat-proxy"
version = "0.0.1"
dependencies = [
 "arrayvec",
 "libtw2-gamenet-ddnet",
 "libtw2-packer",
 "libtw2-snapshot",
 "warn",
]

[[package]]
name = "ddnet-base"
version = "0.0.1"
dependencies = [
 "cxx",
 "ddnet-test",
]

[[package]]
name = "ddnet-engine"
version = "0.0.1"
dependencies = [
 "cxx",
 "ddnet-base",
 "ddnet-engine-shared",
 "ddnet-test",
]

[[package]]
name = "ddnet-engine-shared"
version = "0.0.1"
dependencies = [
 "cxx",
 "ddnet-base",
 "ddnet-engine",
 "ddnet-test",
]

[[package]]
name = "ddnet-test"
version = "0.0.1"

[[package]]
name = "libtw2-common"
version = "0.0.1"
dependencies = [
 "arrayvec",
 "zerocopy",
]

[[package]]
name = "libtw2-gamenet-common"
version = "0.0.1"
dependencies = [
 "arrayvec",
 "buffer",
 "libtw2-common",
 "libtw2-packer",
 "serde",
 "serde_derive",
 "uuid",
 "warn",
 "zerocopy",
]

[[package]]
name = "libtw2-gamenet-ddnet"
version = "0.0.1"
dependencies = [
 "arrayvec",
 "buffer",
 "libtw2-common",
 "libtw2-gamenet-common",
 "libtw2-gamenet-snap",
 "libtw2-packer",
 "uuid",
 "warn",
]

[[package]]
name = "libtw2-gamenet-snap"
version = "0.0.1"
dependencies = [
 "buffer",
 "libtw2-common",
 "libtw2-gamenet-common",
 "libtw2-packer",
 "warn",
]

[[package]]
name = "libtw2-packer"
version = "0.0.1"
dependencies = [
 "arrayvec",
 "buffer",
 "libtw2-common",
 "uuid",
 "warn",
]

[[package]]
name = "libtw2-snapshot"
version = "0.0.1"
dependencies = [
 "buffer",
 "libtw2-common",
 "libtw2-gamenet-common",
 "libtw2-gamenet-snap",
 "libtw2-packer",
 "uuid",
 "vec_map",
 "warn",
]

[[package]]
name = "link-cplusplus"
version = "1.0.6"
source = "registry+https://github.com/rust-lang/crates.io-index"
checksum = "f8cae2cd7ba2f3f63938b9c724475dfb7b9861b545a90324476324ed21dbc8c8"
dependencies = [
 "cc",
]

[[package]]
name = "log"
version = "0.3.9"
source = "registry+https://github.com/rust-lang/crates.io-index"
checksum = "e19e8d5c34a3e0e2223db8e060f9e8264aeeb5c5fc64a4ee9965c062211c024b"
dependencies = [
 "log 0.4.22",
]

[[package]]
name = "log"
version = "0.4.22"
source = "registry+https://github.com/rust-lang/crates.io-index"
checksum = "a7a70ba024b9dc04c27ea2f0c0548feb474ec5c54bba33a7f72f873a39d07b24"

[[package]]
name = "mac"
version = "0.0.2"
source = "registry+https://github.com/rust-lang/crates.io-index"
checksum = "1b1db08c0d0ddbb591e65f1da58d1cefccc94a2faa0c55bf979ce215a3e04d5e"

[[package]]
name = "proc-macro2"
version = "1.0.86"
source = "registry+https://github.com/rust-lang/crates.io-index"
checksum = "5e719e8df665df0d1c8fbfd238015744736151d4445ec0836b8e628aae103b77"
dependencies = [
 "unicode-ident",
]

[[package]]
name = "quote"
version = "1.0.36"
source = "registry+https://github.com/rust-lang/crates.io-index"
checksum = "0fa76aaf39101c457836aec0ce2316dbdc3ab723cdda1c6bd4e6ad4208acaca7"
dependencies = [
 "proc-macro2",
]

[[package]]
name = "serde"
version = "1.0.203"
source = "registry+https://github.com/rust-lang/crates.io-index"
checksum = "7253ab4de971e72fb7be983802300c30b5a7f0c2e56fab8abfc6a214307c0094"
dependencies = [
 "serde_derive",
]

[[package]]
name = "serde_derive"
version = "1.0.203"
source = "registry+https://github.com/rust-lang/crates.io-index"
checksum = "500cbc0ebeb6f46627f50f3f5811ccf6bf00643be300b4c3eabc0ef55dc5b5ba"
dependencies = [
 "proc-macro2",
 "quote",
 "syn 2.0.68",
]

[[package]]
name = "syn"
version = "1.0.98"
source = "registry+https://github.com/rust-lang/crates.io-index"
checksum = "c50aef8a904de4c23c788f104b7dddc7d6f79c647c7c8ce4cc8f73eb0ca773dd"
dependencies = [
 "proc-macro2",
 "quote",
 "unicode-ident",
]

[[package]]
name = "syn"
version = "2.0.68"
source = "registry+https://github.com/rust-lang/crates.io-index"
checksum = "901fa70d88b9d6c98022e23b4136f9f3e54e4662c3bc1bd1d84a42a9a0f0c1e9"
dependencies = [
 "proc-macro2",
 "quote",
 "unicode-ident",
]

[[package]]
name = "unicode-ident"
version = "1.0.1"
source = "registry+https://github.com/rust-lang/crates.io-index"
checksum = "5bd2fe26506023ed7b5e1e315add59d6f584c621d037f9368fea9cfb988f368c"

[[package]]
name = "uuid"
version = "0.8.2"
source = "registry+https://github.com/rust-lang/crates.io-index"
checksum = "bc5cf98d8186244414c848017f0e2676b3fcb46807f6668a97dfe67359a3c4b7"
dependencies = [
 "serde",
]

[[package]]
name = "vec_map"
version = "0.8.2"
source = "registry+https://github.com/rust-lang/crates.io-index"
checksum = "f1bddf1187be692e79c5ffeab891132dfb0f236ed36a43c7ed39f1165ee20191"

[[package]]
name = "warn"
version = "0.2.2"
source = "registry+https://github.com/rust-lang/crates.io-index"
checksum = "5f2638072850e7fde2e4e96d78204024000382e5666876bd8a3e7e9db6ed22cb"
dependencies = [
 "log 0.3.9",
]

[[package]]
name = "zerocopy"
version = "0.7.35"
source = "registry+https://github.com/rust-lang/crates.io-index"
checksum = "1b9b4fd18abc82b8136838da5d50bae7bdea537c574d8dc1a34ed098d6c166f0"
dependencies = [
 "byteorder",
 "zerocopy-derive",
]

[[package]]
name = "zerocopy-derive"
version = "0.7.35"
source = "registry+https://github.com/rust-lang/crates.io-index"
checksum = "fa4f8080344d4671fb4e831a13ad1e68092748387dfc4f55e356242fae12ce3e"
dependencies = [
 "proc-macro2",
 "quote",
 "syn 2.0.68",
]
